
Microsoft Visual Studio Solution File, Format Version 12.00
# Visual Studio Version 17
VisualStudioVersion = 17.4.33205.214
MinimumVisualStudioVersion = 10.0.40219.1
Project("{FAE04EC0-301F-11D3-BF4B-00C04F79EFBC}") = "CustomHud", "CustomHud\CustomHud.csproj", "{84C4280B-4AD9-488B-A9CF-85EBFC7C081D}"
EndProject
Project("{FAE04EC0-301F-11D3-BF4B-00C04F79EFBC}") = "CustomHudAPI", "CustomHudAPI\CustomHudAPI.csproj", "{BBABE228-2E5E-416D-B0BE-CB2C363DA24F}"
EndProject
Global
	GlobalSection(SolutionConfigurationPlatforms) = preSolution
		Debug|Any CPU = Debug|Any CPU
		Release|Any CPU = Release|Any CPU
	EndGlobalSection
	GlobalSection(ProjectConfigurationPlatforms) = postSolution
		{84C4280B-4AD9-488B-A9CF-85EBFC7C081D}.Debug|Any CPU.ActiveCfg = Debug|Any CPU
		{84C4280B-4AD9-488B-A9CF-85EBFC7C081D}.Debug|Any CPU.Build.0 = Debug|Any CPU
		{84C4280B-4AD9-488B-A9CF-85EBFC7C081D}.Release|Any CPU.ActiveCfg = Release|Any CPU
		{84C4280B-4AD9-488B-A9CF-85EBFC7C081D}.Release|Any CPU.Build.0 = Release|Any CPU
		{BBABE228-2E5E-416D-B0BE-CB2C363DA24F}.Debug|Any CPU.ActiveCfg = Debug|Any CPU
		{BBABE228-2E5E-416D-B0BE-CB2C363DA24F}.Debug|Any CPU.Build.0 = Debug|Any CPU
		{BBABE228-2E5E-416D-B0BE-CB2C363DA24F}.Release|Any CPU.ActiveCfg = Release|Any CPU
		{BBABE228-2E5E-416D-B0BE-CB2C363DA24F}.Release|Any CPU.Build.0 = Release|Any CPU
	EndGlobalSection
	GlobalSection(SolutionProperties) = preSolution
		HideSolutionNode = FALSE
	EndGlobalSection
	GlobalSection(ExtensibilityGlobals) = postSolution
		SolutionGuid = {3AEBFE1E-05A1-4DF4-ADFA-AF16E48F69BB}
	EndGlobalSection
EndGlobal
